
Microsoft Visual Studio Solution File, Format Version 12.00
# Visual Studio 15
VisualStudioVersion = 15.0.27428.2027
MinimumVisualStudioVersion = 10.0.40219.1
Project("{FAE04EC0-301F-11D3-BF4B-00C04F79EFBC}") = "Assessment2Movies", "Assessment2Movies.csproj", "{BDCA9E92-DD15-4669-A741-E89153B3C407}"
EndProject
Project("{FAE04EC0-301F-11D3-BF4B-00C04F79EFBC}") = "UnitTestProject1", "UnitTestProject1\UnitTestProject1.csproj", "{6692CCF0-CC76-45A3-A216-EBD43C94E718}"
EndProject
Global
	GlobalSection(SolutionConfigurationPlatforms) = preSolution
		Debug|Any CPU = Debug|Any CPU
		Release|Any CPU = Release|Any CPU
	EndGlobalSection
	GlobalSection(ProjectConfigurationPlatforms) = postSolution
		{BDCA9E92-DD15-4669-A741-E89153B3C407}.Debug|Any CPU.ActiveCfg = Debug|Any CPU
		{BDCA9E92-DD15-4669-A741-E89153B3C407}.Debug|Any CPU.Build.0 = Debug|Any CPU
		{BDCA9E92-DD15-4669-A741-E89153B3C407}.Release|Any CPU.ActiveCfg = Release|Any CPU
		{BDCA9E92-DD15-4669-A741-E89153B3C407}.Release|Any CPU.Build.0 = Release|Any CPU
		{6692CCF0-CC76-45A3-A216-EBD43C94E718}.Debug|Any CPU.ActiveCfg = Debug|Any CPU
		{6692CCF0-CC76-45A3-A216-EBD43C94E718}.Debug|Any CPU.Build.0 = Debug|Any CPU
		{6692CCF0-CC76-45A3-A216-EBD43C94E718}.Release|Any CPU.ActiveCfg = Release|Any CPU
		{6692CCF0-CC76-45A3-A216-EBD43C94E718}.Release|Any CPU.Build.0 = Release|Any CPU
	EndGlobalSection
	GlobalSection(SolutionProperties) = preSolution
		HideSolutionNode = FALSE
	EndGlobalSection
	GlobalSection(ExtensibilityGlobals) = postSolution
		SolutionGuid = {A3E69826-AC13-469E-BFA4-5320B50EA24F}
	EndGlobalSection
EndGlobal
